
Microsoft Visual Studio Solution File, Format Version 12.00
# Visual Studio 14
VisualStudioVersion = 14.0.23107.0
MinimumVisualStudioVersion = 10.0.40219.1
Project("{FAE04EC0-301F-11D3-BF4B-00C04F79EFBC}") = "UI", "UI\UI.csproj", "{BB0D9039-0294-4704-99D6-AFDFFF15EE3B}"
EndProject
Project("{FAE04EC0-301F-11D3-BF4B-00C04F79EFBC}") = "Patcher", "Patcher\Patcher.csproj", "{4AEA7D71-1CBE-4CB9-94A9-F76E98CEAEFC}"
EndProject
Global
	GlobalSection(SolutionConfigurationPlatforms) = preSolution
		Debug|Any CPU = Debug|Any CPU
		Release|Any CPU = Release|Any CPU
	EndGlobalSection
	GlobalSection(ProjectConfigurationPlatforms) = postSolution
		{BB0D9039-0294-4704-99D6-AFDFFF15EE3B}.Debug|Any CPU.ActiveCfg = Debug|Any CPU
		{BB0D9039-0294-4704-99D6-AFDFFF15EE3B}.Debug|Any CPU.Build.0 = Debug|Any CPU
		{BB0D9039-0294-4704-99D6-AFDFFF15EE3B}.Release|Any CPU.ActiveCfg = Release|Any CPU
		{BB0D9039-0294-4704-99D6-AFDFFF15EE3B}.Release|Any CPU.Build.0 = Release|Any CPU
		{4AEA7D71-1CBE-4CB9-94A9-F76E98CEAEFC}.Debug|Any CPU.ActiveCfg = Debug|Any CPU
		{4AEA7D71-1CBE-4CB9-94A9-F76E98CEAEFC}.Debug|Any CPU.Build.0 = Debug|Any CPU
		{4AEA7D71-1CBE-4CB9-94A9-F76E98CEAEFC}.Release|Any CPU.ActiveCfg = Release|Any CPU
		{4AEA7D71-1CBE-4CB9-94A9-F76E98CEAEFC}.Release|Any CPU.Build.0 = Release|Any CPU
	EndGlobalSection
	GlobalSection(SolutionProperties) = preSolution
		HideSolutionNode = FALSE
	EndGlobalSection
EndGlobal
